
Microsoft Visual Studio Solution File, Format Version 12.00
# Visual Studio 15
VisualStudioVersion = 15.0.28307.1267
MinimumVisualStudioVersion = 10.0.40219.1
Project("{FAE04EC0-301F-11D3-BF4B-00C04F79EFBC}") = "ServerConfigRest_20180140120_MuhammadZulqoniun", "ServerConfigRest_20180140120_MuhammadZulqoniun\ServerConfigRest_20180140120_MuhammadZulqoniun.csproj", "{3B753A10-4D12-4463-96DF-5F394AE5715D}"
EndProject
Global
	GlobalSection(SolutionConfigurationPlatforms) = preSolution
		Debug|Any CPU = Debug|Any CPU
		Release|Any CPU = Release|Any CPU
	EndGlobalSection
	GlobalSection(ProjectConfigurationPlatforms) = postSolution
		{3B753A10-4D12-4463-96DF-5F394AE5715D}.Debug|Any CPU.ActiveCfg = Debug|Any CPU
		{3B753A10-4D12-4463-96DF-5F394AE5715D}.Debug|Any CPU.Build.0 = Debug|Any CPU
		{3B753A10-4D12-4463-96DF-5F394AE5715D}.Release|Any CPU.ActiveCfg = Release|Any CPU
		{3B753A10-4D12-4463-96DF-5F394AE5715D}.Release|Any CPU.Build.0 = Release|Any CPU
	EndGlobalSection
	GlobalSection(SolutionProperties) = preSolution
		HideSolutionNode = FALSE
	EndGlobalSection
	GlobalSection(ExtensibilityGlobals) = postSolution
		SolutionGuid = {45264210-92DE-44A4-A65C-22B464C67C7A}
	EndGlobalSection
EndGlobal
